
Microsoft Visual Studio Solution File, Format Version 12.00
# Visual Studio Version 17
VisualStudioVersion = 17.3.32901.215
MinimumVisualStudioVersion = 10.0.40219.1
Project("{FAE04EC0-301F-11D3-BF4B-00C04F79EFBC}") = "UserSignUpAPI", "UserSignUp_Verify_ConfirmEmail_Forgot_Reset_Password\UserSignUpAPI.csproj", "{750F599C-4EA2-4577-BCD3-CFDEA2A78EF5}"
EndProject
Global
	GlobalSection(SolutionConfigurationPlatforms) = preSolution
		Debug|Any CPU = Debug|Any CPU
		Release|Any CPU = Release|Any CPU
	EndGlobalSection
	GlobalSection(ProjectConfigurationPlatforms) = postSolution
		{750F599C-4EA2-4577-BCD3-CFDEA2A78EF5}.Debug|Any CPU.ActiveCfg = Debug|Any CPU
		{750F599C-4EA2-4577-BCD3-CFDEA2A78EF5}.Debug|Any CPU.Build.0 = Debug|Any CPU
		{750F599C-4EA2-4577-BCD3-CFDEA2A78EF5}.Release|Any CPU.ActiveCfg = Release|Any CPU
		{750F599C-4EA2-4577-BCD3-CFDEA2A78EF5}.Release|Any CPU.Build.0 = Release|Any CPU
	EndGlobalSection
	GlobalSection(SolutionProperties) = preSolution
		HideSolutionNode = FALSE
	EndGlobalSection
	GlobalSection(ExtensibilityGlobals) = postSolution
		SolutionGuid = {8E19C231-6CA9-4F28-9738-27F76AED66B3}
	EndGlobalSection
EndGlobal
